{
    "_readme": [
        "This file locks the dependencies of your project to a known state",
        "Read more about it at https://getcomposer.org/doc/01-basic-usage.md#installing-dependencies",
        "This file is @generated automatically"
    ],
    "content-hash": "4b5365ae3ec87f43b3c0a81907e78c2e",
    "packages": [
        {
            "name": "container-interop/container-interop",
            "version": "1.2.0",
            "source": {
                "type": "git",
                "url": "https://github.com/container-interop/container-interop.git",
                "reference": "79cbf1341c22ec75643d841642dd5d6acd83bdb8"
            },
            "dist": {
                "type": "zip",
                "url": "https://api.github.com/repos/container-interop/container-interop/zipball/79cbf1341c22ec75643d841642dd5d6acd83bdb8",
                "reference": "79cbf1341c22ec75643d841642dd5d6acd83bdb8",
                "shasum": ""
            },
            "require": {
                "psr/container": "^1.0"
            },
            "type": "library",
            "autoload": {
                "psr-4": {
                    "Interop\\Container\\": "src/Interop/Container/"
                }
            },
            "notification-url": "https://packagist.org/downloads/",
            "license": [
                "MIT"
            ],
            "description": "Promoting the interoperability of container objects (DIC, SL, etc.)",
            "homepage": "https://github.com/container-interop/container-interop",
            "abandoned": "psr/container",
            "time": "2017-02-14T19:40:03+00:00"
        },
        {
            "name": "laminas/laminas-loader",
            "version": "dev-develop",
            "source": {
                "type": "git",
                "url": "https://github.com/laminas/laminas-loader.git",
                "reference": "e469c0b7ee52695b9bf647bf2995b6b57725e007"
            },
            "dist": {
                "type": "zip",
                "url": "https://api.github.com/repos/laminas/laminas-loader/zipball/e469c0b7ee52695b9bf647bf2995b6b57725e007",
                "reference": "e469c0b7ee52695b9bf647bf2995b6b57725e007",
                "shasum": ""
            },
            "require": {
                "laminas/laminas-zendframework-bridge": "^1.0",
                "php": "^5.6 || ^7.0"
            },
            "replace": {
                "zendframework/zend-loader": "^2.6.1"
            },
            "require-dev": {
                "laminas/laminas-coding-standard": "~1.0.0",
                "phpunit/phpunit": "^5.7.27 || ^6.5.8 || ^7.1.4"
            },
            "type": "library",
            "extra": {
                "branch-alias": {
                    "dev-master": "2.6.x-dev",
                    "dev-develop": "2.7.x-dev"
                }
            },
            "autoload": {
                "psr-4": {
                    "Laminas\\Loader\\": "src/"
                }
            },
            "notification-url": "https://packagist.org/downloads/",
            "license": [
                "BSD-3-Clause"
            ],
            "description": "Autoloading and plugin loading strategies",
            "homepage": "https://laminas.dev",
            "keywords": [
                "laminas",
                "loader"
            ],
            "time": "2020-03-29T11:21:44+00:00"
        },
        {
            "name": "laminas/laminas-mail",
            "version": "dev-master",
            "source": {
                "type": "git",
                "url": "https://github.com/ParticleBits/laminas-mail.git",
                "reference": "017c7c87fc283cbc28621c6553d9ed25d51f1ed3"
            },
            "dist": {
                "type": "zip",
                "url": "https://api.github.com/repos/ParticleBits/laminas-mail/zipball/017c7c87fc283cbc28621c6553d9ed25d51f1ed3",
                "reference": "017c7c87fc283cbc28621c6553d9ed25d51f1ed3",
                "shasum": ""
            },
            "require": {
                "ext-iconv": "*",
                "laminas/laminas-loader": "^2.5",
                "laminas/laminas-mime": "@dev",
                "laminas/laminas-stdlib": "^2.7 || ^3.0",
                "laminas/laminas-validator": "^2.10.2",
                "laminas/laminas-zendframework-bridge": "^1.0",
                "php": "^5.6 || ^7.0",
                "true/punycode": "^2.1"
            },
            "replace": {
                "zendframework/zend-mail": "^2.10.0"
            },
            "require-dev": {
                "laminas/laminas-coding-standard": "~1.0.0",
                "laminas/laminas-config": "^2.6",
                "laminas/laminas-crypt": "^2.6 || ^3.0",
                "laminas/laminas-servicemanager": "^2.7.10 || ^3.3.1",
                "phpunit/phpunit": "^5.7.25 || ^6.4.4 || ^7.1.4"
            },
            "suggest": {
                "laminas/laminas-crypt": "Crammd5 support in SMTP Auth",
                "laminas/laminas-servicemanager": "^2.7.10 || ^3.3.1 when using SMTP to deliver messages"
            },
            "type": "library",
            "extra": {
                "branch-alias": {
                    "dev-master": "2.10.x-dev",
                    "dev-develop": "2.11.x-dev"
                },
                "laminas": {
                    "component": "Laminas\\Mail",
                    "config-provider": "Laminas\\Mail\\ConfigProvider"
                }
            },
            "autoload": {
                "psr-4": {
                    "Laminas\\Mail\\": "src/"
                }
            },
            "autoload-dev": {
                "psr-4": {
                    "LaminasTest\\Mail\\": "test/"
                }
            },
            "scripts": {
                "check": [
                    "@cs-check",
                    "@test"
                ],
                "cs-check": [
                    "phpcs"
                ],
                "cs-fix": [
                    "phpcbf"
                ],
                "test": [
                    "phpunit --colors=always"
                ],
                "test-coverage": [
                    "phpunit --colors=always --coverage-clover clover.xml"
                ]
            },
            "license": [
                "BSD-3-Clause"
            ],
            "description": "Provides generalized functionality to compose and send both text and MIME-compliant multipart e-mail messages",
            "homepage": "https://laminas.dev",
            "keywords": [
                "laminas",
                "mail"
            ],
            "support": {
                "docs": "https://docs.laminas.dev/laminas-mail/",
                "issues": "https://github.com/laminas/laminas-mail/issues",
                "source": "https://github.com/laminas/laminas-mail",
                "rss": "https://github.com/laminas/laminas-mail/releases.atom",
                "chat": "https://laminas.dev/chat",
                "forum": "https://discourse.laminas.dev"
            },
            "time": "2020-04-05T06:14:24+00:00"
        },
        {
            "name": "laminas/laminas-mime",
            "version": "dev-latest",
            "source": {
                "type": "git",
                "url": "https://github.com/ParticleBits/laminas-mime.git",
                "reference": "68def11e603d6225939a784c3171cc3cb3af5e16"
            },
            "dist": {
                "type": "zip",
                "url": "https://api.github.com/repos/ParticleBits/laminas-mime/zipball/68def11e603d6225939a784c3171cc3cb3af5e16",
                "reference": "68def11e603d6225939a784c3171cc3cb3af5e16",
                "shasum": ""
            },
            "require": {
                "laminas/laminas-stdlib": "^2.7 || ^3.0",
                "laminas/laminas-zendframework-bridge": "^1.0",
                "php": "^5.6 || ^7.0"
            },
            "replace": {
                "zendframework/zend-mime": "^2.7.2"
            },
            "require-dev": {
                "laminas/laminas-coding-standard": "~1.0.0",
                "laminas/laminas-mail": "@dev",
                "phpunit/phpunit": "^5.7.27 || ^6.5.14 || ^7.5.20"
            },
            "suggest": {
                "laminas/laminas-mail": "Laminas\\Mail component"
            },
            "type": "library",
            "extra": {
                "branch-alias": {
                    "dev-master": "2.7.x-dev",
                    "dev-develop": "2.8.x-dev"
                }
            },
            "autoload": {
                "psr-4": {
                    "Laminas\\Mime\\": "src/"
                }
            },
            "autoload-dev": {
                "psr-4": {
                    "LaminasTest\\Mime\\": "test/"
                }
            },
            "scripts": {
                "check": [
                    "@cs-check",
                    "@test"
                ],
                "cs-check": [
                    "phpcs"
                ],
                "cs-fix": [
                    "phpcbf"
                ],
                "test": [
                    "phpunit --colors=always"
                ],
                "test-coverage": [
                    "phpunit --colors=always --coverage-clover clover.xml"
                ]
            },
            "license": [
                "BSD-3-Clause"
            ],
            "description": "Create and parse MIME messages and parts",
            "homepage": "https://laminas.dev",
            "keywords": [
                "laminas",
                "mime"
            ],
            "support": {
                "docs": "https://docs.laminas.dev/laminas-mime/",
                "issues": "https://github.com/laminas/laminas-mime/issues",
                "source": "https://github.com/laminas/laminas-mime",
                "rss": "https://github.com/laminas/laminas-mime/releases.atom",
                "chat": "https://laminas.dev/chat",
                "forum": "https://discourse.laminas.dev"
            },
            "time": "2020-04-05T20:26:33+00:00"
        },
        {
            "name": "laminas/laminas-stdlib",
            "version": "dev-develop",
            "source": {
                "type": "git",
                "url": "https://github.com/laminas/laminas-stdlib.git",
                "reference": "89ff99fa2ac9fb20c87ab988ea81e2e81c370df0"
            },
            "dist": {
                "type": "zip",
                "url": "https://api.github.com/repos/laminas/laminas-stdlib/zipball/89ff99fa2ac9fb20c87ab988ea81e2e81c370df0",
                "reference": "89ff99fa2ac9fb20c87ab988ea81e2e81c370df0",
                "shasum": ""
            },
            "require": {
                "laminas/laminas-zendframework-bridge": "^1.0",
                "php": "^5.6 || ^7.0"
            },
            "replace": {
                "zendframework/zend-stdlib": "^3.2.1"
            },
            "require-dev": {
                "laminas/laminas-coding-standard": "~1.0.0",
                "phpbench/phpbench": "^0.13",
                "phpunit/phpunit": "^5.7.27 || ^6.5.8 || ^7.1.2"
            },
            "type": "library",
            "extra": {
                "branch-alias": {
                    "dev-master": "3.2.x-dev",
                    "dev-develop": "3.3.x-dev"
                }
            },
            "autoload": {
                "psr-4": {
                    "Laminas\\Stdlib\\": "src/"
                }
            },
            "notification-url": "https://packagist.org/downloads/",
            "license": [
                "BSD-3-Clause"
            ],
            "description": "SPL extensions, array utilities, error handlers, and more",
            "homepage": "https://laminas.dev",
            "keywords": [
                "laminas",
                "stdlib"
            ],
            "time": "2020-03-29T11:32:45+00:00"
        },
        {
            "name": "laminas/laminas-validator",
            "version": "dev-develop",
            "source": {
                "type": "git",
                "url": "https://github.com/laminas/laminas-validator.git",
                "reference": "e453316e452bb29302631897cd8ac73798bd4377"
            },
            "dist": {
                "type": "zip",
                "url": "https://api.github.com/repos/laminas/laminas-validator/zipball/e453316e452bb29302631897cd8ac73798bd4377",
                "reference": "e453316e452bb29302631897cd8ac73798bd4377",
                "shasum": ""
            },
            "require": {
                "container-interop/container-interop": "^1.1",
                "laminas/laminas-stdlib": "^3.2.1",
                "laminas/laminas-zendframework-bridge": "^1.0",
                "php": "^7.1"
            },
            "replace": {
                "zendframework/zend-validator": "^2.13.0"
            },
            "require-dev": {
                "laminas/laminas-cache": "^2.6.1",
                "laminas/laminas-coding-standard": "~1.0.0",
                "laminas/laminas-config": "^2.6",
                "laminas/laminas-db": "^2.7",
                "laminas/laminas-filter": "^2.6",
                "laminas/laminas-http": "^2.5.4",
                "laminas/laminas-i18n": "^2.6",
                "laminas/laminas-math": "^2.6",
                "laminas/laminas-servicemanager": "^2.7.5 || ^3.0.3",
                "laminas/laminas-session": "^2.8",
                "laminas/laminas-uri": "^2.5",
                "phpunit/phpunit": "^7.5.20 || ^8.5.2",
                "psr/http-client": "^1.0",
                "psr/http-factory": "^1.0",
                "psr/http-message": "^1.0"
            },
            "suggest": {
                "laminas/laminas-db": "Laminas\\Db component, required by the (No)RecordExists validator",
                "laminas/laminas-filter": "Laminas\\Filter component, required by the Digits validator",
                "laminas/laminas-i18n": "Laminas\\I18n component to allow translation of validation error messages",
                "laminas/laminas-i18n-resources": "Translations of validator messages",
                "laminas/laminas-math": "Laminas\\Math component, required by the Csrf validator",
                "laminas/laminas-servicemanager": "Laminas\\ServiceManager component to allow using the ValidatorPluginManager and validator chains",
                "laminas/laminas-session": "Laminas\\Session component, ^2.8; required by the Csrf validator",
                "laminas/laminas-uri": "Laminas\\Uri component, required by the Uri and Sitemap\\Loc validators",
                "psr/http-message": "psr/http-message, required when validating PSR-7 UploadedFileInterface instances via the Upload and UploadFile validators"
            },
            "type": "library",
            "extra": {
                "branch-alias": {
                    "dev-master": "2.13.x-dev",
                    "dev-develop": "2.14.x-dev"
                },
                "laminas": {
                    "component": "Laminas\\Validator",
                    "config-provider": "Laminas\\Validator\\ConfigProvider"
                }
            },
            "autoload": {
                "psr-4": {
                    "Laminas\\Validator\\": "src/"
                }
            },
            "notification-url": "https://packagist.org/downloads/",
            "license": [
                "BSD-3-Clause"
            ],
            "description": "Validation classes for a wide range of domains, and the ability to chain validators to create complex validation criteria",
            "homepage": "https://laminas.dev",
            "keywords": [
                "laminas",
                "validator"
            ],
            "time": "2020-03-31T18:59:18+00:00"
        },
        {
            "name": "laminas/laminas-zendframework-bridge",
            "version": "dev-develop",
            "source": {
                "type": "git",
                "url": "https://github.com/laminas/laminas-zendframework-bridge.git",
                "reference": "716ec837a1e10dd909989950ac7ccdbd34af4e4b"
            },
            "dist": {
                "type": "zip",
                "url": "https://api.github.com/repos/laminas/laminas-zendframework-bridge/zipball/716ec837a1e10dd909989950ac7ccdbd34af4e4b",
                "reference": "716ec837a1e10dd909989950ac7ccdbd34af4e4b",
                "shasum": ""
            },
            "require": {
                "php": "^5.6 || ^7.0"
            },
            "require-dev": {
                "phpunit/phpunit": "^5.7 || ^6.5 || ^7.5 || ^8.1",
                "squizlabs/php_codesniffer": "^3.5"
            },
            "type": "library",
            "extra": {
                "branch-alias": {
                    "dev-master": "1.0.x-dev",
                    "dev-develop": "1.1.x-dev"
                },
                "laminas": {
                    "module": "Laminas\\ZendFrameworkBridge"
                }
            },
            "autoload": {
                "files": [
                    "src/autoload.php"
                ],
                "psr-4": {
                    "Laminas\\ZendFrameworkBridge\\": "src//"
                }
            },
            "notification-url": "https://packagist.org/downloads/",
            "license": [
                "BSD-3-Clause"
            ],
            "description": "Alias legacy ZF class names to Laminas Project equivalents.",
            "keywords": [
                "ZendFramework",
                "autoloading",
                "laminas",
                "zf"
            ],
            "funding": [
                {
                    "url": "https://funding.communitybridge.org/projects/laminas-project",
                    "type": "community_bridge"
                }
            ],
            "time": "2020-04-03T16:03:11+00:00"
        },
        {
            "name": "psr/container",
            "version": "dev-master",
            "source": {
                "type": "git",
                "url": "https://github.com/php-fig/container.git",
                "reference": "fc1bc363ecf887921e3897c7b1dad3587ae154eb"
            },
            "dist": {
                "type": "zip",
                "url": "https://api.github.com/repos/php-fig/container/zipball/fc1bc363ecf887921e3897c7b1dad3587ae154eb",
                "reference": "fc1bc363ecf887921e3897c7b1dad3587ae154eb",
                "shasum": ""
            },
            "require": {
                "php": ">=5.3.0"
            },
            "type": "library",
            "extra": {
                "branch-alias": {
                    "dev-master": "1.0.x-dev"
                }
            },
            "autoload": {
                "psr-4": {
                    "Psr\\Container\\": "src/"
                }
            },
            "notification-url": "https://packagist.org/downloads/",
            "license": [
                "MIT"
            ],
            "authors": [
                {
                    "name": "PHP-FIG",
                    "homepage": "http://www.php-fig.org/"
                }
            ],
            "description": "Common Container Interface (PHP FIG PSR-11)",
            "homepage": "https://github.com/php-fig/container",
            "keywords": [
                "PSR-11",
                "container",
                "container-interface",
                "container-interop",
                "psr"
            ],
            "time": "2019-10-04T14:07:35+00:00"
        },
        {
            "name": "symfony/polyfill-mbstring",
            "version": "dev-master",
            "source": {
                "type": "git",
                "url": "https://github.com/symfony/polyfill-mbstring.git",
                "reference": "81ffd3a9c6d707be22e3012b827de1c9775fc5ac"
            },
            "dist": {
                "type": "zip",
                "url": "https://api.github.com/repos/symfony/polyfill-mbstring/zipball/81ffd3a9c6d707be22e3012b827de1c9775fc5ac",
                "reference": "81ffd3a9c6d707be22e3012b827de1c9775fc5ac",
                "shasum": ""
            },
            "require": {
                "php": ">=5.3.3"
            },
            "suggest": {
                "ext-mbstring": "For best performance"
            },
            "type": "library",
            "extra": {
                "branch-alias": {
                    "dev-master": "1.15-dev"
                }
            },
            "autoload": {
                "psr-4": {
                    "Symfony\\Polyfill\\Mbstring\\": ""
                },
                "files": [
                    "bootstrap.php"
                ]
            },
            "notification-url": "https://packagist.org/downloads/",
            "license": [
                "MIT"
            ],
            "authors": [
                {
                    "name": "Nicolas Grekas",
                    "email": "p@tchwork.com"
                },
                {
                    "name": "Symfony Community",
                    "homepage": "https://symfony.com/contributors"
                }
            ],
            "description": "Symfony polyfill for the Mbstring extension",
            "homepage": "https://symfony.com",
            "keywords": [
                "compatibility",
                "mbstring",
                "polyfill",
                "portable",
                "shim"
            ],
            "time": "2020-03-09T19:04:49+00:00"
        },
        {
            "name": "true/punycode",
            "version": "v2.1.1",
            "source": {
                "type": "git",
                "url": "https://github.com/true/php-punycode.git",
                "reference": "a4d0c11a36dd7f4e7cd7096076cab6d3378a071e"
            },
            "dist": {
                "type": "zip",
                "url": "https://api.github.com/repos/true/php-punycode/zipball/a4d0c11a36dd7f4e7cd7096076cab6d3378a071e",
                "reference": "a4d0c11a36dd7f4e7cd7096076cab6d3378a071e",
                "shasum": ""
            },
            "require": {
                "php": ">=5.3.0",
                "symfony/polyfill-mbstring": "^1.3"
            },
            "require-dev": {
                "phpunit/phpunit": "~4.7",
                "squizlabs/php_codesniffer": "~2.0"
            },
            "type": "library",
            "autoload": {
                "psr-4": {
                    "TrueBV\\": "src/"
                }
            },
            "notification-url": "https://packagist.org/downloads/",
            "license": [
                "MIT"
            ],
            "authors": [
                {
                    "name": "Renan Gonçalves",
                    "email": "renan.saddam@gmail.com"
                }
            ],
            "description": "A Bootstring encoding of Unicode for Internationalized Domain Names in Applications (IDNA)",
            "homepage": "https://github.com/true/php-punycode",
            "keywords": [
                "idna",
                "punycode"
            ],
            "time": "2016-11-16T10:37:54+00:00"
        }
    ],
    "packages-dev": [],
    "aliases": [],
    "minimum-stability": "dev",
    "stability-flags": {
        "laminas/laminas-mail": 20,
        "laminas/laminas-mime": 20
    },
    "prefer-stable": false,
    "prefer-lowest": false,
    "platform": {
        "php": ">=7.0",
        "ext-iconv": "*"
    },
    "platform-dev": [],
    "plugin-api-version": "1.1.0"
}
